
Microsoft Visual Studio Solution File, Format Version 12.00
# Visual Studio Version 17
VisualStudioVersion = 17.9.34723.18
MinimumVisualStudioVersion = 10.0.40219.1
Project("{FAE04EC0-301F-11D3-BF4B-00C04F79EFBC}") = "HRMS", "HRMS\HRMS.csproj", "{215A174D-A39D-4AB3-9730-EDB30863AB7A}"
EndProject
Global
	GlobalSection(SolutionConfigurationPlatforms) = preSolution
		Debug|Any CPU = Debug|Any CPU
		Release|Any CPU = Release|Any CPU
	EndGlobalSection
	GlobalSection(ProjectConfigurationPlatforms) = postSolution
		{215A174D-A39D-4AB3-9730-EDB30863AB7A}.Debug|Any CPU.ActiveCfg = Debug|Any CPU
		{215A174D-A39D-4AB3-9730-EDB30863AB7A}.Debug|Any CPU.Build.0 = Debug|Any CPU
		{215A174D-A39D-4AB3-9730-EDB30863AB7A}.Release|Any CPU.ActiveCfg = Release|Any CPU
		{215A174D-A39D-4AB3-9730-EDB30863AB7A}.Release|Any CPU.Build.0 = Release|Any CPU
	EndGlobalSection
	GlobalSection(SolutionProperties) = preSolution
		HideSolutionNode = FALSE
	EndGlobalSection
	GlobalSection(ExtensibilityGlobals) = postSolution
		SolutionGuid = {DF40080B-511B-4C8A-B783-5697C0E8F325}
	EndGlobalSection
EndGlobal
